
Microsoft Visual Studio Solution File, Format Version 12.00
# Visual Studio Version 17
VisualStudioVersion = 17.8.34316.72
MinimumVisualStudioVersion = 10.0.40219.1
Project("{FAE04EC0-301F-11D3-BF4B-00C04F79EFBC}") = "Latihan1", "Latihan1\Latihan1.csproj", "{B7B107B0-A136-4DEF-BA31-BFF7A9328293}"
EndProject
Global
	GlobalSection(SolutionConfigurationPlatforms) = preSolution
		Debug|Any CPU = Debug|Any CPU
		Release|Any CPU = Release|Any CPU
	EndGlobalSection
	GlobalSection(ProjectConfigurationPlatforms) = postSolution
		{B7B107B0-A136-4DEF-BA31-BFF7A9328293}.Debug|Any CPU.ActiveCfg = Debug|Any CPU
		{B7B107B0-A136-4DEF-BA31-BFF7A9328293}.Debug|Any CPU.Build.0 = Debug|Any CPU
		{B7B107B0-A136-4DEF-BA31-BFF7A9328293}.Release|Any CPU.ActiveCfg = Release|Any CPU
		{B7B107B0-A136-4DEF-BA31-BFF7A9328293}.Release|Any CPU.Build.0 = Release|Any CPU
	EndGlobalSection
	GlobalSection(SolutionProperties) = preSolution
		HideSolutionNode = FALSE
	EndGlobalSection
	GlobalSection(ExtensibilityGlobals) = postSolution
		SolutionGuid = {0287A373-C097-4EB0-9775-D1A6DCEB2F7D}
	EndGlobalSection
EndGlobal
